075023706d1edb0d5b71bdee2031b1e545870da6
77e1c4a212fc3be444e28acf2d85f43f8d0bcb7a
6338344855403f5059253d108f28e28eff1d4590
cee1f549b9e5537974b69ee2d5db13ff7b5d48a3
ff3057fae0764deff1b8b6ad90e383897ca2a833
eff7d324c4da985eec53153462826eaeb5041c84
e18eda067db6f144102f151f9d005cd1a863942e
9037d8e7663e87a4dd1638b8c1bb17520e5f3b09
d4484ef623c04de7433dc5f1cc400762e1bc2243
3512ae2471d233b615b5bc58e0d564c2bc74a2d6
f4fb72a24e251f66ae94cb4c46c0ed9ffa777357
539c691e02bcb09bc62a4df872f018a133d5e81a
b8241f3e6ed81bc1e2de0722a79d444c6157c9c5
ffb7d04a9ccf302e4c231019c1d82a9641a12e71
8a4388bc602c36bdfebc779b8578e870b0161d38
390966a62c14250e1e69de9018096481ec0bf3a5
7e078e91df0ed06ff753f672b3f5b754a4229c96
f0f4c57bb3835af9ec26a6d6b5e9ab00cbbadc6a
de7b96489fe8acb2d174098189f3ff021f415901
53245633478bb0707fa9883dbaa0f401866d314b
8188b98d287a07f3e935e15a7567afad13706b2e
00504130d9e4858c365684e6e3dfa37dd7ec5a04
8be39411bef372a1f2829b49c6af06557b1a30c9
7627c2ff3287f473accb63e9509228b07d187018
29f0e4d14286f79cfc47d43f4161580da9f838ab
179029d16dbeec6837c52b7b34de7207b3883ae1
221839bf0768fceb164a605c791454d39bb91874
52cf34eeadb33ac501ad99923cdcb4b4110f7939
b3a293a9a5c5b3da4bd86fc3307aedc72bcbe43f
450a42a7b83454ca2134877f0004a73f184d6141
84335f5edde96b276e076736ed2b2a9541c876d7
c1b7b4df22d71b1dc952306d1e16aa2da824f374
ef1944840196a502ae6b40f08e537ac7e3e1a9d5
e4a4ea27a8df6508efd5edd10d38ae8775d5331e
26f1e051f99eab609bdb5ada8f3bd2b3a3a86eb8
40cf7e47fdf7139e068efd6e011f56510275683e
d8116ff0ae4ed9b3daaaded5469f32ed28af0c3f
2fabeb8b045b28e682bb137386acd38440c6d5a9
51c8c3e51e395113f38fd90d1e43f8a66f3be9b1
ead454b1a542fd755796fe9e7b1641ee9b2b13d6
854de86375f8285cb9a126b3ba3a22f1377f6e2a
cfd66edddbc7ced38e6b32473f8481dd2dd56d05
ec62014db1438eb430583fd7411b2b612995b5f5
e295acd3653c925e26c69ebd7b31daba2cb03862
a56e3e9aafdab9b36c337ecdd275db72884a9f91
458a42805e0c88fa0cbd6357c21dcc9377405dd5
19548b9562c047508ba0df9cb5ac15d8390c8b6c
c2ccb0a4c5a4f03041cf494ba31f2f24ff62fb4c
1932aee00a5ca061ff871676cd6842334a886454
68e1b750d6c1ad23053a40fb9e9e408db6f70841
6c90533cf5fec8d7b07516dd22c95acc34ac2a8e
b7cbf5eacdad9cadf6f52ce8b90b3821f3557521
81a2fd0829d817bf205b1e49d678542c4227757d
0cbb8425f7bcb9687aa52f20bc3fb5b75f5f97d3
39d3c8d84c3a1e06e1a5746b8085e2abb53941a8
e3c7491d68b73182c2fbd5762b046f06c5a6a114
fc9739dfb5965ec8af9296f328c1cd9561ebefba
fb6e4b0140491b72bf196c2a2011a90c6fef3d8d
872e5412db0a602af9c98ee1f1c564c275f09d8d
b5ab83f3c0498f4e68d05b20ac01247ccfa1fafb
ac3331328508f1db59e25bc4ee8249508604de8d
4a0e176a7322b29407f763fd1da6e089cd11ebd1
de7b1004089a3628e6b61751e9a5e5a9adfabe06
2447316fa16ecf7c891eee992e15e8aee653d6da
81b8b4748ea25ce30f34a0fd52727e1a727dad9f
c1e7bd2918ea30a4129098b99b362395ae5e937f
43070999141f6573c822812c3f88afac3d8e9911
c6a9449b05f2ba7455e82f6067aeb5671911e8be
bfd514a1b84588cc224b24a3f73a0a3a2a2d82ec
933bab6bcf8821f2fd1a72ec784ed9c0efc765eb
4d27c0d6fae570bd940eb48ca9875b2d7dc11eb9
ec42799f87cf76b05153762e053c3c42a4aec319
ef527093345ea7ca6b74e46ab79d687c03a5cb6c
b3774b96281b9c37999e09fab1662add4a7f8b04
37bd704ece7b9457ce2c0779c15bf503f82b503b
fb4065011c130c77e4a577b36ca0eb304ac00c8a
7cb07316322541c0530e3c741b56f7e3811070be
06152fcaf3f63ff75a2c13919178699a1d6377b9
4ae0b129bb68b410c006224ee448c60df6043e90
b8f56f0fc05664d2e40bcd5874cd2cfab24435b2
2aff303721aa35f4ff74e5eec77ff4fdbfa433a7
cf6cd066d1f5fdcc38cf08864310be24b1d84d93
4850f97148ff542a64990b661fee78cfb60a7877
0e97f5ee827fed26caf34c80fbb1ffe71807171c